
Microsoft Visual Studio Solution File, Format Version 12.00
# Visual Studio Version 16
VisualStudioVersion = 16.0.31702.278
MinimumVisualStudioVersion = 10.0.40219.1
Project("{9A19103F-16F7-4668-BE54-9A1E7A4F7556}") = "DepositIdentity", "DepositIdentity\DepositIdentity.csproj", "{0CF9CB02-89CF-4C6E-ADC4-68A12DBB2B00}"
EndProject
Project("{9A19103F-16F7-4668-BE54-9A1E7A4F7556}") = "DeposiIdentity.DAL", "DeposiIdentity.DAL\DeposiIdentity.DAL.csproj", "{7286CBE2-69B9-4E27-9C7C-BF01BA86F8DA}"
EndProject
Project("{FAE04EC0-301F-11D3-BF4B-00C04F79EFBC}") = "DepositIdentity.BLL", "DepositIdentity.BLL\DepositIdentity.BLL.csproj", "{F6135F30-FC6D-4F57-95B2-B1F1AA6CCE0D}"
EndProject
Project("{FAE04EC0-301F-11D3-BF4B-00C04F79EFBC}") = "DepositIdentity.DI", "DepositIdentity.DI\DepositIdentity.DI.csproj", "{741FE1D4-AFAC-4ADB-9CB0-1765BB237974}"
EndProject
Global
	GlobalSection(SolutionConfigurationPlatforms) = preSolution
		Debug|Any CPU = Debug|Any CPU
		Release|Any CPU = Release|Any CPU
	EndGlobalSection
	GlobalSection(ProjectConfigurationPlatforms) = postSolution
		{0CF9CB02-89CF-4C6E-ADC4-68A12DBB2B00}.Debug|Any CPU.ActiveCfg = Debug|Any CPU
		{0CF9CB02-89CF-4C6E-ADC4-68A12DBB2B00}.Debug|Any CPU.Build.0 = Debug|Any CPU
		{0CF9CB02-89CF-4C6E-ADC4-68A12DBB2B00}.Release|Any CPU.ActiveCfg = Release|Any CPU
		{0CF9CB02-89CF-4C6E-ADC4-68A12DBB2B00}.Release|Any CPU.Build.0 = Release|Any CPU
		{7286CBE2-69B9-4E27-9C7C-BF01BA86F8DA}.Debug|Any CPU.ActiveCfg = Debug|Any CPU
		{7286CBE2-69B9-4E27-9C7C-BF01BA86F8DA}.Debug|Any CPU.Build.0 = Debug|Any CPU
		{7286CBE2-69B9-4E27-9C7C-BF01BA86F8DA}.Release|Any CPU.ActiveCfg = Release|Any CPU
		{7286CBE2-69B9-4E27-9C7C-BF01BA86F8DA}.Release|Any CPU.Build.0 = Release|Any CPU
		{F6135F30-FC6D-4F57-95B2-B1F1AA6CCE0D}.Debug|Any CPU.ActiveCfg = Debug|Any CPU
		{F6135F30-FC6D-4F57-95B2-B1F1AA6CCE0D}.Debug|Any CPU.Build.0 = Debug|Any CPU
		{F6135F30-FC6D-4F57-95B2-B1F1AA6CCE0D}.Release|Any CPU.ActiveCfg = Release|Any CPU
		{F6135F30-FC6D-4F57-95B2-B1F1AA6CCE0D}.Release|Any CPU.Build.0 = Release|Any CPU
		{741FE1D4-AFAC-4ADB-9CB0-1765BB237974}.Debug|Any CPU.ActiveCfg = Debug|Any CPU
		{741FE1D4-AFAC-4ADB-9CB0-1765BB237974}.Debug|Any CPU.Build.0 = Debug|Any CPU
		{741FE1D4-AFAC-4ADB-9CB0-1765BB237974}.Release|Any CPU.ActiveCfg = Release|Any CPU
		{741FE1D4-AFAC-4ADB-9CB0-1765BB237974}.Release|Any CPU.Build.0 = Release|Any CPU
	EndGlobalSection
	GlobalSection(SolutionProperties) = preSolution
		HideSolutionNode = FALSE
	EndGlobalSection
	GlobalSection(ExtensibilityGlobals) = postSolution
		SolutionGuid = {FC7D5C66-B999-42AA-96F2-23E279A30BCE}
	EndGlobalSection
EndGlobal
